
Microsoft Visual Studio Solution File, Format Version 12.00
# Visual Studio Version 17
VisualStudioVersion = 17.1.32328.378
MinimumVisualStudioVersion = 10.0.40219.1
Project("{FAE04EC0-301F-11D3-BF4B-00C04F79EFBC}") = "BookStore", "BookStore.csproj", "{774FF9E7-8081-4624-8DD2-3CE798D9F185}"
EndProject
Global
	GlobalSection(SolutionConfigurationPlatforms) = preSolution
		Debug|Any CPU = Debug|Any CPU
		Release|Any CPU = Release|Any CPU
	EndGlobalSection
	GlobalSection(ProjectConfigurationPlatforms) = postSolution
		{774FF9E7-8081-4624-8DD2-3CE798D9F185}.Debug|Any CPU.ActiveCfg = Debug|Any CPU
		{774FF9E7-8081-4624-8DD2-3CE798D9F185}.Debug|Any CPU.Build.0 = Debug|Any CPU
		{774FF9E7-8081-4624-8DD2-3CE798D9F185}.Release|Any CPU.ActiveCfg = Release|Any CPU
		{774FF9E7-8081-4624-8DD2-3CE798D9F185}.Release|Any CPU.Build.0 = Release|Any CPU
	EndGlobalSection
	GlobalSection(SolutionProperties) = preSolution
		HideSolutionNode = FALSE
	EndGlobalSection
	GlobalSection(ExtensibilityGlobals) = postSolution
		SolutionGuid = {ED1CE6A1-1353-40B5-8DF1-69D91DB09E81}
	EndGlobalSection
EndGlobal
